// !$*UTF8*$!
{
	archiveVersion = 1;
	classes = {
	};
	objectVersion = 46;
	objects = {

/* Begin PBXBuildFile section */
		E141EB611AAC2B5100043072 /* AppDelegate.m in Sources */ = {isa = PBXBuildFile; fileRef = E141EB601AAC2B5100043072 /* AppDelegate.m */; };
		E141EB631AAC2B5100043072 /* main.m in Sources */ = {isa = PBXBuildFile; fileRef = E141EB621AAC2B5100043072 /* main.m */; };
		E141EB661AAC2B5100043072 /* ViewController.m in Sources */ = {isa = PBXBuildFile; fileRef = E141EB651AAC2B5100043072 /* ViewController.m */; };
		E141EB681AAC2B5100043072 /* Images.xcassets in Resources */ = {isa = PBXBuildFile; fileRef = E141EB671AAC2B5100043072 /* Images.xcassets */; };
		E141EB6B1AAC2B5100043072 /* Main.storyboard in Resources */ = {isa = PBXBuildFile; fileRef = E141EB691AAC2B5100043072 /* Main.storyboard */; };
		E141EB771AAC2B5100043072 /* HW8_coredata_chrisTests.m in Sources */ = {isa = PBXBuildFile; fileRef = E141EB761AAC2B5100043072 /* HW8_coredata_chrisTests.m */; };
		E141EB811AAEBA8B00043072 /* background.png in Resources */ = {isa = PBXBuildFile; fileRef = E141EB801AAEBA8B00043072 /* background.png */; };
		E1E442231AAECDF800F955C7 /* InventoryView.m in Sources */ = {isa = PBXBuildFile; fileRef = E1E442221AAECDF800F955C7 /* InventoryView.m */; };
		E1E637F71AB0162F00C4C177 /* InventoryModel.xcdatamodeld in Sources */ = {isa = PBXBuildFile; fileRef = E1E637F51AB0162F00C4C177 /* InventoryModel.xcdatamodeld */; };
		E1E637FD1AB154E300C4C177 /* NewItemView.m in Sources */ = {isa = PBXBuildFile; fileRef = E1E637FC1AB154E300C4C177 /* NewItemView.m */; };
		E1E638011AB15A7F00C4C177 /* list-add.png in Resources */ = {isa = PBXBuildFile; fileRef = E1E637FF1AB15A7F00C4C177 /* list-add.png */; };
		E1E638071AB2C13100C4C177 /* NSManagedObject+Extensions.m in Sources */ = {isa = PBXBuildFile; fileRef = E1E638061AB2C13100C4C177 /* NSManagedObject+Extensions.m */; };
		E1E6380C1AB2C1BA00C4C177 /* ConfigurableCoreDataStack.m in Sources */ = {isa = PBXBuildFile; fileRef = E1E638091AB2C1BA00C4C177 /* ConfigurableCoreDataStack.m */; };
		E1E6380D1AB2C1BA00C4C177 /* CoreDataStackConfiguration.m in Sources */ = {isa = PBXBuildFile; fileRef = E1E6380B1AB2C1BA00C4C177 /* CoreDataStackConfiguration.m */; };
		E1E638691AB65CDF00C4C177 /* Image.m in Sources */ = {isa = PBXBuildFile; fileRef = E1E638681AB65CDF00C4C177 /* Image.m */; };
		E1E6386C1AB65CDF00C4C177 /* Tag.m in Sources */ = {isa = PBXBuildFile; fileRef = E1E6386B1AB65CDF00C4C177 /* Tag.m */; };
		E1E6386F1AB65D1900C4C177 /* Item.m in Sources */ = {isa = PBXBuildFile; fileRef = E1E6386E1AB65D1900C4C177 /* Item.m */; };
		E1E638721AB67C2900C4C177 /* tag.png in Resources */ = {isa = PBXBuildFile; fileRef = E1E638701AB67C2900C4C177 /* tag.png */; };
		E1E638731AB67C2900C4C177 /* yes.png in Resources */ = {isa = PBXBuildFile; fileRef = E1E638711AB67C2900C4C177 /* yes.png */; };
		E1E638751AB69A8000C4C177 /* del.png in Resources */ = {isa = PBXBuildFile; fileRef = E1E638741AB69A8000C4C177 /* del.png */; };
		E1E638781AB6B40600C4C177 /* PopupViewController.m in Sources */ = {isa = PBXBuildFile; fileRef = E1E638771AB6B40600C4C177 /* PopupViewController.m */; };
		E1E6387A1ABBF7A100C4C177 /* clr.png in Resources */ = {isa = PBXBuildFile; fileRef = E1E638791ABBF7A100C4C177 /* clr.png */; };
		E1E638801ABD471F00C4C177 /* PopupImageViewController.m in Sources */ = {isa = PBXBuildFile; fileRef = E1E6387F1ABD471F00C4C177 /* PopupImageViewController.m */; };
/* End PBXBuildFile section */

/* Begin PBXContainerItemProxy section */
		E141EB711AAC2B5100043072 /* PBXContainerItemProxy */ = {
			isa = PBXContainerItemProxy;
			containerPortal = E141EB521AAC2B5100043072 /* Project object */;
			proxyType = 1;
			remoteGlobalIDString = E141EB591AAC2B5100043072;
			remoteInfo = "HW8-coredata-chris";
		};
/* End PBXContainerItemProxy section */

/* Begin PBXFileReference section */
		E141EB5A1AAC2B5100043072 /* HW8-coredata-chris.app */ = {isa = PBXFileReference; explicitFileType = wrapper.application; includeInIndex = 0; path = "HW8-coredata-chris.app"; sourceTree = BUILT_PRODUCTS_DIR; };
		E141EB5E1AAC2B5100043072 /* Info.plist */ = {isa = PBXFileReference; lastKnownFileType = text.plist.xml; path = Info.plist; sourceTree = "<group>"; };
		E141EB5F1AAC2B5100043072 /* AppDelegate.h */ = {isa = PBXFileReference; lastKnownFileType = sourcecode.c.h; path = AppDelegate.h; sourceTree = "<group>"; };
		E141EB601AAC2B5100043072 /* AppDelegate.m */ = {isa = PBXFileReference; lastKnownFileType = sourcecode.c.objc; path = AppDelegate.m; sourceTree = "<group>"; };
		E141EB621AAC2B5100043072 /* main.m */ = {isa = PBXFileReference; lastKnownFileType = sourcecode.c.objc; path = main.m; sourceTree = "<group>"; };
		E141EB641AAC2B5100043072 /* ViewController.h */ = {isa = PBXFileReference; lastKnownFileType = sourcecode.c.h; path = ViewController.h; sourceTree = "<group>"; };
		E141EB651AAC2B5100043072 /* ViewController.m */ = {isa = PBXFileReference; lastKnownFileType = sourcecode.c.objc; path = ViewController.m; sourceTree = "<group>"; };
		E141EB671AAC2B5100043072 /* Images.xcassets */ = {isa = PBXFileReference; lastKnownFileType = folder.assetcatalog; path = Images.xcassets; sourceTree = "<group>"; };
		E141EB6A1AAC2B5100043072 /* Base */ = {isa = PBXFileReference; lastKnownFileType = file.storyboard; name = Base; path = Base.lproj/Main.storyboard; sourceTree = "<group>"; };
		E141EB701AAC2B5100043072 /* HW8-coredata-chrisTests.xctest */ = {isa = PBXFileReference; explicitFileType = wrapper.cfbundle; includeInIndex = 0; path = "HW8-coredata-chrisTests.xctest"; sourceTree = BUILT_PRODUCTS_DIR; };
		E141EB751AAC2B5100043072 /* Info.plist */ = {isa = PBXFileReference; lastKnownFileType = text.plist.xml; path = Info.plist; sourceTree = "<group>"; };
		E141EB761AAC2B5100043072 /* HW8_coredata_chrisTests.m */ = {isa = PBXFileReference; lastKnownFileType = sourcecode.c.objc; path = HW8_coredata_chrisTests.m; sourceTree = "<group>"; };
		E141EB801AAEBA8B00043072 /* background.png */ = {isa = PBXFileReference; lastKnownFileType = image.png; name = background.png; path = ../background.png; sourceTree = "<group>"; };
		E1E442211AAECDF800F955C7 /* InventoryView.h */ = {isa = PBXFileReference; fileEncoding = 4; lastKnownFileType = sourcecode.c.h; path = InventoryView.h; sourceTree = "<group>"; };
		E1E442221AAECDF800F955C7 /* InventoryView.m */ = {isa = PBXFileReference; fileEncoding = 4; lastKnownFileType = sourcecode.c.objc; path = InventoryView.m; sourceTree = "<group>"; };
		E1E637F61AB0162F00C4C177 /* InventoryModel.xcdatamodel */ = {isa = PBXFileReference; lastKnownFileType = wrapper.xcdatamodel; path = InventoryModel.xcdatamodel; sourceTree = "<group>"; };
		E1E637FB1AB154E300C4C177 /* NewItemView.h */ = {isa = PBXFileReference; fileEncoding = 4; lastKnownFileType = sourcecode.c.h; path = NewItemView.h; sourceTree = "<group>"; };
		E1E637FC1AB154E300C4C177 /* NewItemView.m */ = {isa = PBXFileReference; fileEncoding = 4; lastKnownFileType = sourcecode.c.objc; path = NewItemView.m; sourceTree = "<group>"; };
		E1E637FF1AB15A7F00C4C177 /* list-add.png */ = {isa = PBXFileReference; lastKnownFileType = image.png; name = "list-add.png"; path = "../list-add.png"; sourceTree = "<group>"; };
		E1E638051AB2C13100C4C177 /* NSManagedObject+Extensions.h */ = {isa = PBXFileReference; fileEncoding = 4; lastKnownFileType = sourcecode.c.h; path = "NSManagedObject+Extensions.h"; sourceTree = "<group>"; };
		E1E638061AB2C13100C4C177 /* NSManagedObject+Extensions.m */ = {isa = PBXFileReference; fileEncoding = 4; lastKnownFileType = sourcecode.c.objc; path = "NSManagedObject+Extensions.m"; sourceTree = "<group>"; };
		E1E638081AB2C1BA00C4C177 /* ConfigurableCoreDataStack.h */ = {isa = PBXFileReference; fileEncoding = 4; lastKnownFileType = sourcecode.c.h; path = ConfigurableCoreDataStack.h; sourceTree = "<group>"; };
		E1E638091AB2C1BA00C4C177 /* ConfigurableCoreDataStack.m */ = {isa = PBXFileReference; fileEncoding = 4; lastKnownFileType = sourcecode.c.objc; path = ConfigurableCoreDataStack.m; sourceTree = "<group>"; };
		E1E6380A1AB2C1BA00C4C177 /* CoreDataStackConfiguration.h */ = {isa = PBXFileReference; fileEncoding = 4; lastKnownFileType = sourcecode.c.h; path = CoreDataStackConfiguration.h; sourceTree = "<group>"; };
		E1E6380B1AB2C1BA00C4C177 /* CoreDataStackConfiguration.m */ = {isa = PBXFileReference; fileEncoding = 4; lastKnownFileType = sourcecode.c.objc; path = CoreDataStackConfiguration.m; sourceTree = "<group>"; };
		E1E638671AB65CDF00C4C177 /* Image.h */ = {isa = PBXFileReference; fileEncoding = 4; lastKnownFileType = sourcecode.c.h; path = Image.h; sourceTree = "<group>"; };
		E1E638681AB65CDF00C4C177 /* Image.m */ = {isa = PBXFileReference; fileEncoding = 4; lastKnownFileType = sourcecode.c.objc; path = Image.m; sourceTree = "<group>"; };
		E1E6386A1AB65CDF00C4C177 /* Tag.h */ = {isa = PBXFileReference; fileEncoding = 4; lastKnownFileType = sourcecode.c.h; path = Tag.h; sourceTree = "<group>"; };
		E1E6386B1AB65CDF00C4C177 /* Tag.m */ = {isa = PBXFileReference; fileEncoding = 4; lastKnownFileType = sourcecode.c.objc; path = Tag.m; sourceTree = "<group>"; };
		E1E6386D1AB65D1900C4C177 /* Item.h */ = {isa = PBXFileReference; fileEncoding = 4; lastKnownFileType = sourcecode.c.h; path = Item.h; sourceTree = "<group>"; };
		E1E6386E1AB65D1900C4C177 /* Item.m */ = {isa = PBXFileReference; fileEncoding = 4; lastKnownFileType = sourcecode.c.objc; path = Item.m; sourceTree = "<group>"; };
		E1E638701AB67C2900C4C177 /* tag.png */ = {isa = PBXFileReference; lastKnownFileType = image.png; path = tag.png; sourceTree = "<group>"; };
		E1E638711AB67C2900C4C177 /* yes.png */ = {isa = PBXFileReference; lastKnownFileType = image.png; path = yes.png; sourceTree = "<group>"; };
		E1E638741AB69A8000C4C177 /* del.png */ = {isa = PBXFileReference; lastKnownFileType = image.png; path = del.png; sourceTree = "<group>"; };
		E1E638761AB6B40600C4C177 /* PopupViewController.h */ = {isa = PBXFileReference; fileEncoding = 4; lastKnownFileType = sourcecode.c.h; path = PopupViewController.h; sourceTree = "<group>"; };
		E1E638771AB6B40600C4C177 /* PopupViewController.m */ = {isa = PBXFileReference; fileEncoding = 4; lastKnownFileType = sourcecode.c.objc; path = PopupViewController.m; sourceTree = "<group>"; };
		E1E638791ABBF7A100C4C177 /* clr.png */ = {isa = PBXFileReference; lastKnownFileType = image.png; path = clr.png; sourceTree = "<group>"; };
		E1E6387E1ABD471F00C4C177 /* PopupImageViewController.h */ = {isa = PBXFileReference; fileEncoding = 4; lastKnownFileType = sourcecode.c.h; path = PopupImageViewController.h; sourceTree = "<group>"; };
		E1E6387F1ABD471F00C4C177 /* PopupImageViewController.m */ = {isa = PBXFileReference; fileEncoding = 4; lastKnownFileType = sourcecode.c.objc; path = PopupImageViewController.m; sourceTree = "<group>"; };
/* End PBXFileReference section */

/* Begin PBXFrameworksBuildPhase section */
		E141EB571AAC2B5100043072 /* Frameworks */ = {
			isa = PBXFrameworksBuildPhase;
			buildActionMask = 2147483647;
			files = (
			);
			runOnlyForDeploymentPostprocessing = 0;
		};
		E141EB6D1AAC2B5100043072 /* Frameworks */ = {
			isa = PBXFrameworksBuildPhase;
			buildActionMask = 2147483647;
			files = (
			);
			runOnlyForDeploymentPostprocessing = 0;
		};
/* End PBXFrameworksBuildPhase section */

/* Begin PBXGroup section */
		E141EB511AAC2B5100043072 = {
			isa = PBXGroup;
			children = (
				E1E638081AB2C1BA00C4C177 /* ConfigurableCoreDataStack.h */,
				E1E638091AB2C1BA00C4C177 /* ConfigurableCoreDataStack.m */,
				E1E6380A1AB2C1BA00C4C177 /* CoreDataStackConfiguration.h */,
				E1E6380B1AB2C1BA00C4C177 /* CoreDataStackConfiguration.m */,
				E1E638051AB2C13100C4C177 /* NSManagedObject+Extensions.h */,
				E1E638061AB2C13100C4C177 /* NSManagedObject+Extensions.m */,
				E141EB5C1AAC2B5100043072 /* HW8-coredata-chris */,
				E141EB731AAC2B5100043072 /* HW8-coredata-chrisTests */,
				E141EB5B1AAC2B5100043072 /* Products */,
			);
			sourceTree = "<group>";
		};
		E141EB5B1AAC2B5100043072 /* Products */ = {
			isa = PBXGroup;
			children = (
				E141EB5A1AAC2B5100043072 /* HW8-coredata-chris.app */,
				E141EB701AAC2B5100043072 /* HW8-coredata-chrisTests.xctest */,
			);
			name = Products;
			sourceTree = "<group>";
		};
		E141EB5C1AAC2B5100043072 /* HW8-coredata-chris */ = {
			isa = PBXGroup;
			children = (
				E1E638041AB1689A00C4C177 /* images */,
				E1E638031AB1687A00C4C177 /* data model */,
				E1E638021AB1685E00C4C177 /* custom view */,
				E141EB5F1AAC2B5100043072 /* AppDelegate.h */,
				E141EB601AAC2B5100043072 /* AppDelegate.m */,
				E141EB641AAC2B5100043072 /* ViewController.h */,
				E141EB651AAC2B5100043072 /* ViewController.m */,
				E141EB671AAC2B5100043072 /* Images.xcassets */,
				E141EB691AAC2B5100043072 /* Main.storyboard */,
				E141EB5D1AAC2B5100043072 /* Supporting Files */,
				E1E638761AB6B40600C4C177 /* PopupViewController.h */,
				E1E638771AB6B40600C4C177 /* PopupViewController.m */,
				E1E6387E1ABD471F00C4C177 /* PopupImageViewController.h */,
				E1E6387F1ABD471F00C4C177 /* PopupImageViewController.m */,
			);
			path = "HW8-coredata-chris";
			sourceTree = "<group>";
		};
		E141EB5D1AAC2B5100043072 /* Supporting Files */ = {
			isa = PBXGroup;
			children = (
				E141EB5E1AAC2B5100043072 /* Info.plist */,
				E141EB621AAC2B5100043072 /* main.m */,
			);
			name = "Supporting Files";
			sourceTree = "<group>";
		};
		E141EB731AAC2B5100043072 /* HW8-coredata-chrisTests */ = {
			isa = PBXGroup;
			children = (
				E141EB761AAC2B5100043072 /* HW8_coredata_chrisTests.m */,
				E141EB741AAC2B5100043072 /* Supporting Files */,
			);
			path = "HW8-coredata-chrisTests";
			sourceTree = "<group>";
		};
		E141EB741AAC2B5100043072 /* Supporting Files */ = {
			isa = PBXGroup;
			children = (
				E141EB751AAC2B5100043072 /* Info.plist */,
			);
			name = "Supporting Files";
			sourceTree = "<group>";
		};
		E1E638021AB1685E00C4C177 /* custom view */ = {
			isa = PBXGroup;
			children = (
				E1E637FB1AB154E300C4C177 /* NewItemView.h */,
				E1E637FC1AB154E300C4C177 /* NewItemView.m */,
				E1E442211AAECDF800F955C7 /* InventoryView.h */,
				E1E442221AAECDF800F955C7 /* InventoryView.m */,
			);
			name = "custom view";
			sourceTree = "<group>";
		};
		E1E638031AB1687A00C4C177 /* data model */ = {
			isa = PBXGroup;
			children = (
				E1E637F51AB0162F00C4C177 /* InventoryModel.xcdatamodeld */,
				E1E6386A1AB65CDF00C4C177 /* Tag.h */,
				E1E6386B1AB65CDF00C4C177 /* Tag.m */,
				E1E638671AB65CDF00C4C177 /* Image.h */,
				E1E638681AB65CDF00C4C177 /* Image.m */,
				E1E6386D1AB65D1900C4C177 /* Item.h */,
				E1E6386E1AB65D1900C4C177 /* Item.m */,
			);
			name = "data model";
			sourceTree = "<group>";
		};
		E1E638041AB1689A00C4C177 /* images */ = {
			isa = PBXGroup;
			children = (
				E1E638791ABBF7A100C4C177 /* clr.png */,
				E1E638741AB69A8000C4C177 /* del.png */,
				E1E638701AB67C2900C4C177 /* tag.png */,
				E1E638711AB67C2900C4C177 /* yes.png */,
				E141EB801AAEBA8B00043072 /* background.png */,
				E1E637FF1AB15A7F00C4C177 /* list-add.png */,
			);
			name = images;
			sourceTree = "<group>";
		};
/* End PBXGroup section */

/* Begin PBXNativeTarget section */
		E141EB591AAC2B5100043072 /* HW8-coredata-chris */ = {
			isa = PBXNativeTarget;
			buildConfigurationList = E141EB7A1AAC2B5100043072 /* Build configuration list for PBXNativeTarget "HW8-coredata-chris" */;
			buildPhases = (
				E141EB561AAC2B5100043072 /* Sources */,
				E141EB571AAC2B5100043072 /* Frameworks */,
				E141EB581AAC2B5100043072 /* Resources */,
			);
			buildRules = (
			);
			dependencies = (
			);
			name = "HW8-coredata-chris";
			productName = "HW8-coredata-chris";
			productReference = E141EB5A1AAC2B5100043072 /* HW8-coredata-chris.app */;
			productType = "com.apple.product-type.application";
		};
		E141EB6F1AAC2B5100043072 /* HW8-coredata-chrisTests */ = {
			isa = PBXNativeTarget;
			buildConfigurationList = E141EB7D1AAC2B5100043072 /* Build configuration list for PBXNativeTarget "HW8-coredata-chrisTests" */;
			buildPhases = (
				E141EB6C1AAC2B5100043072 /* Sources */,
				E141EB6D1AAC2B5100043072 /* Frameworks */,
				E141EB6E1AAC2B5100043072 /* Resources */,
			);
			buildRules = (
			);
			dependencies = (
				E141EB721AAC2B5100043072 /* PBXTargetDependency */,
			);
			name = "HW8-coredata-chrisTests";
			productName = "HW8-coredata-chrisTests";
			productReference = E141EB701AAC2B5100043072 /* HW8-coredata-chrisTests.xctest */;
			productType = "com.apple.product-type.bundle.unit-test";
		};
/* End PBXNativeTarget section */

/* Begin PBXProject section */
		E141EB521AAC2B5100043072 /* Project object */ = {
			isa = PBXProject;
			attributes = {
				LastUpgradeCheck = 0610;
				ORGANIZATIONNAME = czhang;
				TargetAttributes = {
					E141EB591AAC2B5100043072 = {
						CreatedOnToolsVersion = 6.1.1;
					};
					E141EB6F1AAC2B5100043072 = {
						CreatedOnToolsVersion = 6.1.1;
						TestTargetID = E141EB591AAC2B5100043072;
					};
				};
			};
			buildConfigurationList = E141EB551AAC2B5100043072 /* Build configuration list for PBXProject "HW8-coredata-chris" */;
			compatibilityVersion = "Xcode 3.2";
			developmentRegion = English;
			hasScannedForEncodings = 0;
			knownRegions = (
				en,
				Base,
			);
			mainGroup = E141EB511AAC2B5100043072;
			productRefGroup = E141EB5B1AAC2B5100043072 /* Products */;
			projectDirPath = "";
			projectRoot = "";
			targets = (
				E141EB591AAC2B5100043072 /* HW8-coredata-chris */,
				E141EB6F1AAC2B5100043072 /* HW8-coredata-chrisTests */,
			);
		};
/* End PBXProject section */

/* Begin PBXResourcesBuildPhase section */
		E141EB581AAC2B5100043072 /* Resources */ = {
			isa = PBXResourcesBuildPhase;
			buildActionMask = 2147483647;
			files = (
				E1E638721AB67C2900C4C177 /* tag.png in Resources */,
				E141EB681AAC2B5100043072 /* Images.xcassets in Resources */,
				E1E638731AB67C2900C4C177 /* yes.png in Resources */,
				E1E6387A1ABBF7A100C4C177 /* clr.png in Resources */,
				E1E638751AB69A8000C4C177 /* del.png in Resources */,
				E1E638011AB15A7F00C4C177 /* list-add.png in Resources */,
				E141EB811AAEBA8B00043072 /* background.png in Resources */,
				E141EB6B1AAC2B5100043072 /* Main.storyboard in Resources */,
			);
			runOnlyForDeploymentPostprocessing = 0;
		};
		E141EB6E1AAC2B5100043072 /* Resources */ = {
			isa = PBXResourcesBuildPhase;
			buildActionMask = 2147483647;
			files = (
			);
			runOnlyForDeploymentPostprocessing = 0;
		};
/* End PBXResourcesBuildPhase section */

/* Begin PBXSourcesBuildPhase section */
		E141EB561AAC2B5100043072 /* Sources */ = {
			isa = PBXSourcesBuildPhase;
			buildActionMask = 2147483647;
			files = (
				E1E6386F1AB65D1900C4C177 /* Item.m in Sources */,
				E1E638801ABD471F00C4C177 /* PopupImageViewController.m in Sources */,
				E1E6386C1AB65CDF00C4C177 /* Tag.m in Sources */,
				E1E638691AB65CDF00C4C177 /* Image.m in Sources */,
				E1E637FD1AB154E300C4C177 /* NewItemView.m in Sources */,
				E1E6380C1AB2C1BA00C4C177 /* ConfigurableCoreDataStack.m in Sources */,
				E1E637F71AB0162F00C4C177 /* InventoryModel.xcdatamodeld in Sources */,
				E141EB661AAC2B5100043072 /* ViewController.m in Sources */,
				E1E638781AB6B40600C4C177 /* PopupViewController.m in Sources */,
				E1E6380D1AB2C1BA00C4C177 /* CoreDataStackConfiguration.m in Sources */,
				E1E442231AAECDF800F955C7 /* InventoryView.m in Sources */,
				E141EB631AAC2B5100043072 /* main.m in Sources */,
				E1E638071AB2C13100C4C177 /* NSManagedObject+Extensions.m in Sources */,
				E141EB611AAC2B5100043072 /* AppDelegate.m in Sources */,
			);
			runOnlyForDeploymentPostprocessing = 0;
		};
		E141EB6C1AAC2B5100043072 /* Sources */ = {
			isa = PBXSourcesBuildPhase;
			buildActionMask = 2147483647;
			files = (
				E141EB771AAC2B5100043072 /* HW8_coredata_chrisTests.m in Sources */,
			);
			runOnlyForDeploymentPostprocessing = 0;
		};
/* End PBXSourcesBuildPhase section */

/* Begin PBXTargetDependency section */
		E141EB721AAC2B5100043072 /* PBXTargetDependency */ = {
			isa = PBXTargetDependency;
			target = E141EB591AAC2B5100043072 /* HW8-coredata-chris */;
			targetProxy = E141EB711AAC2B5100043072 /* PBXContainerItemProxy */;
		};
/* End PBXTargetDependency section */

/* Begin PBXVariantGroup section */
		E141EB691AAC2B5100043072 /* Main.storyboard */ = {
			isa = PBXVariantGroup;
			children = (
				E141EB6A1AAC2B5100043072 /* Base */,
			);
			name = Main.storyboard;
			sourceTree = "<group>";
		};
/* End PBXVariantGroup section */

/* Begin XCBuildConfiguration section */
		E141EB781AAC2B5100043072 /* Debug */ = {
			isa = XCBuildConfiguration;
			buildSettings = {
				ALWAYS_SEARCH_USER_PATHS = NO;
				CLANG_CXX_LANGUAGE_STANDARD = "gnu++0x";
				CLANG_CXX_LIBRARY = "libc++";
				CLANG_ENABLE_MODULES = YES;
				CLANG_ENABLE_OBJC_ARC = YES;
				CLANG_WARN_BOOL_CONVERSION = YES;
				CLANG_WARN_CONSTANT_CONVERSION = YES;
				CLANG_WARN_DIRECT_OBJC_ISA_USAGE = YES_ERROR;
				CLANG_WARN_EMPTY_BODY = YES;
				CLANG_WARN_ENUM_CONVERSION = YES;
				CLANG_WARN_INT_CONVERSION = YES;
				CLANG_WARN_OBJC_ROOT_CLASS = YES_ERROR;
				CLANG_WARN_UNREACHABLE_CODE = YES;
				CLANG_WARN__DUPLICATE_METHOD_MATCH = YES;
				CODE_SIGN_IDENTITY = "-";
				COPY_PHASE_STRIP = NO;
				ENABLE_STRICT_OBJC_MSGSEND = YES;
				GCC_C_LANGUAGE_STANDARD = gnu99;
				GCC_DYNAMIC_NO_PIC = NO;
				GCC_OPTIMIZATION_LEVEL = 0;
				GCC_PREPROCESSOR_DEFINITIONS = (
					"DEBUG=1",
					"$(inherited)",
				);
				GCC_SYMBOLS_PRIVATE_EXTERN = NO;
				GCC_WARN_64_TO_32_BIT_CONVERSION = YES;
				GCC_WARN_ABOUT_RETURN_TYPE = YES_ERROR;
				GCC_WARN_UNDECLARED_SELECTOR = YES;
				GCC_WARN_UNINITIALIZED_AUTOS = YES_AGGRESSIVE;
				GCC_WARN_UNUSED_FUNCTION = YES;
				GCC_WARN_UNUSED_VARIABLE = YES;
				MACOSX_DEPLOYMENT_TARGET = 10.10;
				MTL_ENABLE_DEBUG_INFO = YES;
				ONLY_ACTIVE_ARCH = YES;
				SDKROOT = macosx;
			};
			name = Debug;
		};
		E141EB791AAC2B5100043072 /* Release */ = {
			isa = XCBuildConfiguration;
			buildSettings = {
				ALWAYS_SEARCH_USER_PATHS = NO;
				CLANG_CXX_LANGUAGE_STANDARD = "gnu++0x";
				CLANG_CXX_LIBRARY = "libc++";
				CLANG_ENABLE_MODULES = YES;
				CLANG_ENABLE_OBJC_ARC = YES;
				CLANG_WARN_BOOL_CONVERSION = YES;
				CLANG_WARN_CONSTANT_CONVERSION = YES;
				CLANG_WARN_DIRECT_OBJC_ISA_USAGE = YES_ERROR;
				CLANG_WARN_EMPTY_BODY = YES;
				CLANG_WARN_ENUM_CONVERSION = YES;
				CLANG_WARN_INT_CONVERSION = YES;
				CLANG_WARN_OBJC_ROOT_CLASS = YES_ERROR;
				CLANG_WARN_UNREACHABLE_CODE = YES;
				CLANG_WARN__DUPLICATE_METHOD_MATCH = YES;
				CODE_SIGN_IDENTITY = "-";
				COPY_PHASE_STRIP = YES;
				DEBUG_INFORMATION_FORMAT = "dwarf-with-dsym";
				ENABLE_NS_ASSERTIONS = NO;
				ENABLE_STRICT_OBJC_MSGSEND = YES;
				GCC_C_LANGUAGE_STANDARD = gnu99;
				GCC_WARN_64_TO_32_BIT_CONVERSION = YES;
				GCC_WARN_ABOUT_RETURN_TYPE = YES_ERROR;
				GCC_WARN_UNDECLARED_SELECTOR = YES;
				GCC_WARN_UNINITIALIZED_AUTOS = YES_AGGRESSIVE;
				GCC_WARN_UNUSED_FUNCTION = YES;
				GCC_WARN_UNUSED_VARIABLE = YES;
				MACOSX_DEPLOYMENT_TARGET = 10.10;
				MTL_ENABLE_DEBUG_INFO = NO;
				SDKROOT = macosx;
			};
			name = Release;
		};
		E141EB7B1AAC2B5100043072 /* Debug */ = {
			isa = XCBuildConfiguration;
			buildSettings = {
				ASSETCATALOG_COMPILER_APPICON_NAME = AppIcon;
				COMBINE_HIDPI_IMAGES = YES;
				INFOPLIST_FILE = "HW8-coredata-chris/Info.plist";
				LD_RUNPATH_SEARCH_PATHS = "$(inherited) @executable_path/../Frameworks";
				PRODUCT_NAME = "$(TARGET_NAME)";
			};
			name = Debug;
		};
		E141EB7C1AAC2B5100043072 /* Release */ = {
			isa = XCBuildConfiguration;
			buildSettings = {
				ASSETCATALOG_COMPILER_APPICON_NAME = AppIcon;
				COMBINE_HIDPI_IMAGES = YES;
				INFOPLIST_FILE = "HW8-coredata-chris/Info.plist";
				LD_RUNPATH_SEARCH_PATHS = "$(inherited) @executable_path/../Frameworks";
				PRODUCT_NAME = "$(TARGET_NAME)";
			};
			name = Release;
		};
		E141EB7E1AAC2B5100043072 /* Debug */ = {
			isa = XCBuildConfiguration;
			buildSettings = {
				BUNDLE_LOADER = "$(TEST_HOST)";
				COMBINE_HIDPI_IMAGES = YES;
				FRAMEWORK_SEARCH_PATHS = (
					"$(DEVELOPER_FRAMEWORKS_DIR)",
					"$(inherited)",
				);
				GCC_PREPROCESSOR_DEFINITIONS = (
					"DEBUG=1",
					"$(inherited)",
				);
				INFOPLIST_FILE = "HW8-coredata-chrisTests/Info.plist";
				LD_RUNPATH_SEARCH_PATHS = "$(inherited) @executable_path/../Frameworks @loader_path/../Frameworks";
				PRODUCT_NAME = "$(TARGET_NAME)";
				TEST_HOST = "$(BUILT_PRODUCTS_DIR)/HW8-coredata-chris.app/Contents/MacOS/HW8-coredata-chris";
			};
			name = Debug;
		};
		E141EB7F1AAC2B5100043072 /* Release */ = {
			isa = XCBuildConfiguration;
			buildSettings = {
				BUNDLE_LOADER = "$(TEST_HOST)";
				COMBINE_HIDPI_IMAGES = YES;
				FRAMEWORK_SEARCH_PATHS = (
					"$(DEVELOPER_FRAMEWORKS_DIR)",
					"$(inherited)",
				);
				INFOPLIST_FILE = "HW8-coredata-chrisTests/Info.plist";
				LD_RUNPATH_SEARCH_PATHS = "$(inherited) @executable_path/../Frameworks @loader_path/../Frameworks";
				PRODUCT_NAME = "$(TARGET_NAME)";
				TEST_HOST = "$(BUILT_PRODUCTS_DIR)/HW8-coredata-chris.app/Contents/MacOS/HW8-coredata-chris";
			};
			name = Release;
		};
/* End XCBuildConfiguration section */

/* Begin XCConfigurationList section */
		E141EB551AAC2B5100043072 /* Build configuration list for PBXProject "HW8-coredata-chris" */ = {
			isa = XCConfigurationList;
			buildConfigurations = (
				E141EB781AAC2B5100043072 /* Debug */,
				E141EB791AAC2B5100043072 /* Release */,
			);
			defaultConfigurationIsVisible = 0;
			defaultConfigurationName = Release;
		};
		E141EB7A1AAC2B5100043072 /* Build configuration list for PBXNativeTarget "HW8-coredata-chris" */ = {
			isa = XCConfigurationList;
			buildConfigurations = (
				E141EB7B1AAC2B5100043072 /* Debug */,
				E141EB7C1AAC2B5100043072 /* Release */,
			);
			defaultConfigurationIsVisible = 0;
			defaultConfigurationName = Release;
		};
		E141EB7D1AAC2B5100043072 /* Build configuration list for PBXNativeTarget "HW8-coredata-chrisTests" */ = {
			isa = XCConfigurationList;
			buildConfigurations = (
				E141EB7E1AAC2B5100043072 /* Debug */,
				E141EB7F1AAC2B5100043072 /* Release */,
			);
			defaultConfigurationIsVisible = 0;
			defaultConfigurationName = Release;
		};
/* End XCConfigurationList section */

/* Begin XCVersionGroup section */
		E1E637F51AB0162F00C4C177 /* InventoryModel.xcdatamodeld */ = {
			isa = XCVersionGroup;
			children = (
				E1E637F61AB0162F00C4C177 /* InventoryModel.xcdatamodel */,
			);
			currentVersion = E1E637F61AB0162F00C4C177 /* InventoryModel.xcdatamodel */;
			path = InventoryModel.xcdatamodeld;
			sourceTree = "<group>";
			versionGroupType = wrapper.xcdatamodel;
		};
/* End XCVersionGroup section */
	};
	rootObject = E141EB521AAC2B5100043072 /* Project object */;
}
